{
  "name": "dependabot-test",
  "version": "1.0.0",
  "lockfileVersion": 1,
  "requires": true,
  "dependencies": {
    "date-fns": {
      "version": "2.20.2",
      "resolved": "https://registry.npmjs.org/date-fns/-/date-fns-2.20.2.tgz",
      "integrity": "sha512-QS0Z8SD/ALhKFvhtU4Fhz+1crsI7fPzBquXmdWay33KJPEU7btro2hnmmErpQRmt2D624B1lbjXQKDUMLnQTmQ=="
    }
  }
}
