{
  "name": "first",
  "version": "1.0.0",
  "lockfileVersion": 1,
  "requires": true,
  "dependencies": {
    "thanos-js": {
      "version": "0.0.10",
      "resolved": "https://registry.npmjs.org/thanos-js/-/thanos-js-0.0.10.tgz",
      "integrity": "sha512-Cq2sm5NOdLKndcEugtb/V/Z6IvrUjFlSl1bskFxjqwjOCzIbvz4Y9l4lLj9WrC+utEmWiO6QGH98GNcnsNBgnw=="
    }
  }
}
